github.com/Shopify/sarama v1.15.0 h1:v/Q3THMtunYfvKhbFfhegInfoW70HoNgsOdmuvFN5Qg=
github.com/Shopify/sarama v1.15.0/go.mod h1:FVkBWblsNy7DGZRfXLU0O9RCGt5g3g3yEuWXgklEdEo=
github.com/Shopify/toxiproxy v2.1.4+incompatible h1:TKdv8HiTLgE5wdJuEML90aBgNWsokNbMijUGhmcoBJc=
github.com/Shopify/toxiproxy v2.1.4+incompatible/go.mod h1:OXgGpZ6Cli1/URJOF1DMxUHB2q5Ap20/P/eIdh4G0pI=
github.com/TIBCOSoftware/flogo-lib v0.5.7-0.20181018220309-e41193f633cc h1:v4S6xq1lsiWD9hzYxPV7oZBwSLDQI0jxM0B2i0tyiHo=
github.com/TIBCOSoftware/flogo-lib v0.5.7-0.20181018220309-e41193f633cc/go.mod h1:AE7tfFBvQNemM61frHCwTJYBWC9+iXohXyqrApe6xj4=
github.com/aws/aws-lambda-go v1.6.0 h1:T+u/g79zPKw1oJM7xYhvpq7i4Sjc0iVsXZUaqRVVSOg=
github.com/aws/aws-lambda-go v1.6.0/go.mod h1:zUsUQhAUjYzR8AuduJPCfhBuKWUaDbQiPOG+ouzmE1A=
github.com/aws/aws-sdk-go v1.12.60 h1:i4X5TwUbi34cNCF2xE0ts0Zdr9Xf1b/ZGmVEvRxWlGE=
github.com/aws/aws-sdk-go v1.12.60/go.mod h1:ZRmQr0FajVIyZ4ZzBYKG5P3ZqPz9IHG41ZoMu1ADI3k=
github.com/carlescere/scheduler v0.0.0-20170109141437-ee74d2f83d82 h1:9bAydALqAjBfPHd/eAiJBHnMZUYov8m2PkXVr+YGQeI=
github.com/carlescere/scheduler v0.0.0-20170109141437-ee74d2f83d82/go.mod h1:tyA14J0sA3Hph4dt+AfCjPrYR13+vVodshQSM7km9qw=
github.com/couchbaselabs/gojcbmock v1.0.4 h1:uYk+pe5eYyDYjlMndYSKD6mZy3UTxrQft90r3R5PoWc=
github.com/couchbaselabs/gojcbmock v1.0.4/go.mod h1:Nc79KNEoRYsg4JELLhXzs89rTlEKO8lFrwOWxP31xKc=
github.com/davecgh/go-spew v1.1.0/go.mod h1:J7Y8YcW2NihsgmVo/mv3lAwl/skON4iLHjSsI+c5H38=
github.com/davecgh/go-spew v1.1.1 h1:vj9j/u1bqnvCEfJOwUhtlOARqs3+rkHYY13jYWTU97c=
github.com/davecgh/go-spew v1.1.1/go.mod h1:J7Y8YcW2NihsgmVo/mv3lAwl/skON4iLHjSsI+c5H38=
github.com/dustin/go-coap v0.0.0-20170214053734-ddcc80675fa4 h1:+3t0PiNl/W3Cl4/+XmQ8gD1HQuw3ISaGHHmSBylNVJ8=
github.com/dustin/go-coap v0.0.0-20170214053734-ddcc80675fa4/go.mod h1:as2rZ2aojRzZF8bGx1bPAn1yi9ICG6LwkiPOj6PBtjc=
github.com/eapache/go-resiliency v1.0.1-0.20180101203313-ef9aaa7ea8bd h1:anVFC08xgLGBUQHvJ3rx+nHNf98Iw4EOL9nSETMcKXE=
github.com/eapache/go-resiliency v1.0.1-0.20180101203313-ef9aaa7ea8bd/go.mod h1:kFI+JgMyC7bLPUVY133qvEBtVayf5mFgVsvEsIPBvNs=
github.com/eapache/go-xerial-snappy v0.0.0-20160609142408-bb955e01b934 h1:oGLoaVIefp3tiOgi7+KInR/nNPvEpPM6GFo+El7fd14=
github.com/eapache/go-xerial-snappy v0.0.0-20160609142408-bb955e01b934/go.mod h1:+020luEh2TKB4/GOp8oxxtq0Daoen/Cii55CzbTV6DU=
github.com/eapache/queue v1.1.0 h1:YOEu7KNc61ntiQlcEeUIoDTJ2o8mQznoNvUhiigpIqc=
github.com/eapache/queue v1.1.0/go.mod h1:6eCeP0CKFpHLu8blIFXhExK/dRa7WDZfr6jVFPTqq+I=
github.com/eclipse/paho.mqtt.golang v1.1.1-0.20180110145810-750c97f29374 h1:BotF1FogE//DKYH63nQmbK/smo6ONhK/ZZeVAsGqnAc=
github.com/eclipse/paho.mqtt.golang v1.1.1-0.20180110145810-750c97f29374/go.mod h1:H9keYFcgq3Qr5OUJm/JZI/i6U7joQ8SYLhZwfeOo6Ts=
github.com/go-ini/ini v1.32.0 h1:/MArBHSS0TFR28yPPDK1vPIjt4wUnPBfb81i6iiyKvA=
github.com/go-ini/ini v1.32.0/go.mod h1:ByCAeIL28uOIIG0E3PJtZPDL8WnHpFKFOtgjp+3Ies8=
github.com/golang/protobuf v0.0.0-20171113180720-1e59b77b52bf h1:pFr/u+m8QUBMW/itAczltF3guNRAL7XDs5tD3f6nSD0=
github.com/golang/protobuf v0.0.0-20171113180720-1e59b77b52bf/go.mod h1:6lQm79b+lXiMfvg/cZm0SGofjICqVBUtrP5yJMmIC1U=
github.com/golang/snappy v0.0.1 h1:Qgr9rKW7uDUkrbSmQeiDsGa8SjGyCOGtuasMWwvp2P4=
github.com/golang/snappy v0.0.1/go.mod h1:/XxbfmMg8lxefKM7IXC3fBNl/7bRcc72aCRzEWrmP2Q=
github.com/google/go-cmp v0.5.2 h1:X2ev0eStA3AbceY54o37/0PQ/UWqKEiiO2dKL5OPaFM=
github.com/google/go-cmp v0.5.2/go.mod h1:v8dTdLbMG2kIc/vJvl+f65V22dbkXbowE6jgT/gNBxE=
github.com/gopherjs/gopherjs v1.17.2 h1:fQnZVsXk8uxXIStYb0N4bGk7jeyTalG/wsZjQ25dO0g=
github.com/gorilla/websocket v1.2.1-0.20180110141525-292fd08b2560 h1:29SWX8NSiygplomEN8UhL40I8wPIhe+uqh/zNEtI1BQ=
github.com/gorilla/websocket v1.2.1-0.20180110141525-292fd08b2560/go.mod h1:E7qHFY5m1UJ88s3WnNqhKjPHQ0heANvMoAMk2YaljkQ=
github.com/graphql-go/graphql v0.7.6 h1:3Bn1IFB5OvPoANEfu03azF8aMyks0G/H6G1XeTfYbM4=
github.com/graphql-go/graphql v0.7.6/go.mod h1:k6yrAYQaSP59DC5UVxbgxESlmVyojThKdORUqGDGmrI=
github.com/jmespath/go-jmespath v0.0.0-20160202185014-0b12d6b521d8 h1:12VvqtR6Aowv3l/EQUlocDHW2Cp4G9WJVH7uyH8QFJE=
github.com/jmespath/go-jmespath v0.0.0-20160202185014-0b12d6b521d8/go.mod h1:Nht3zPeWKUH0NzdCt2Blrr5ys8VGpn0CEB0cQHVjt7k=
github.com/jtolds/gls v4.20.0+incompatible h1:xdiiI2gbIgH/gLH7ADydsJ1uDOEzR8yvV7C0MuV77Wo=
github.com/julienschmidt/httprouter v1.1.1-0.20171027133709-e1b9828bc9e5 h1:vgogMEdBvOjfsG8GZCKUZgOgYvVN+DNmDU1e5Vixvpo=
github.com/julienschmidt/httprouter v1.1.1-0.20171027133709-e1b9828bc9e5/go.mod h1:SYymIcj16QtmaHHD7aYtjjsJG7VTCxuUUipMqKk8s4w=
github.com/klauspost/compress v1.13.6 h1:P76CopJELS0TiO2mebmnzgWaajssP/EszplttgQxcgc=
github.com/klauspost/compress v1.13.6/go.mod h1:/3/Vjq9QcHkK5uEr5lBEmyoZ1iFhe47etQ6QUkpK6sk=
github.com/konsorten/go-windows-terminal-sequences v0.0.0-20180402223658-b729f2633dfe/go.mod h1:T0+1ngSBFLxvqU3pZ+m/2kptfBszLMUkC4ZK/EgS/cQ=
github.com/konsorten/go-windows-terminal-sequences v1.0.1 h1:mweAR1A6xJ3oS2pRaGiHgQ4OO8tzTaLawm8vnODuwDk=
github.com/konsorten/go-windows-terminal-sequences v1.0.1/go.mod h1:T0+1ngSBFLxvqU3pZ+m/2kptfBszLMUkC4ZK/EgS/cQ=
github.com/kr/pretty v0.1.0 h1:L/CwN0zerZDmRFUapSPitk6f+Q3+0za1rQkzVuMiMFI=
github.com/kr/pretty v0.1.0/go.mod h1:dAy3ld7l9f0ibDNOQOHHMYYIIbhfbHSm3C4ZsoJORNo=
github.com/kr/pty v1.1.1/go.mod h1:pFQYn66WHrOpPYNljwOMqo10TkYh1fy3cYio2l3bCsQ=
github.com/kr/text v0.1.0 h1:45sCR5RtlFHMR4UwH9sdQ5TC8v0qDQCHnXt+kaKSTVE=
github.com/kr/text v0.1.0/go.mod h1:4Jbv+DJW3UT/LiOwJeYQe1efqtUx/iVham/4vfdArNI=
github.com/montanaflynn/stats v0.0.0-20171201202039-1bf9dbcd8cbe h1:iruDEfMl2E6fbMZ9s0scYfZQ84/6SPL6zC8ACM2oIL0=
github.com/montanaflynn/stats v0.0.0-20171201202039-1bf9dbcd8cbe/go.mod h1:wL8QJuTMNUDYhXwkmfOly8iTdp5TEcJFWZD2D7SIkUc=
github.com/pierrec/lz4 v1.0.2-0.20171218195038-2fcda4cb7018 h1:z+gewaCBdXQRy5LXNOOKQU0gU93ro44uK92zqkB9KCc=
github.com/pierrec/lz4 v1.0.2-0.20171218195038-2fcda4cb7018/go.mod h1:pdkljMzZIN41W+lC3N2tnIh5sFi+IEE17M5jbnwPHcY=
github.com/pierrec/xxHash v0.0.0-20170714082455-a0006b13c722 h1:nDDVHJzMIpkkKZpBBhV60OLwII/BvZSn4PijkMEKdTo=
github.com/pierrec/xxHash v0.0.0-20170714082455-a0006b13c722/go.mod h1:w2waW5Zoa/Wc4Yqe0wgrIYAGKqRMf7czn2HNKXmuL+I=
github.com/pkg/errors v0.9.1 h1:FEBLx1zS214owpjy7qsBeixbURkuhQAwrK5UwLGTwt4=
github.com/pkg/errors v0.9.1/go.mod h1:bwawxfHBFNV+L2hUp1rHADufV3IMtnDRdf1r5NINEl0=
github.com/pmezard/go-difflib v1.0.0 h1:4DBwDE0NGyQoBHbLQYPwSUPoCMWR5BEzIk/f1lZbAQM=
github.com/pmezard/go-difflib v1.0.0/go.mod h1:iKH77koFhYxTK1pcRnkKkqfTogsbg7gZNVY4sRDYZ/4=
github.com/project-flogo/stream v0.1.0 h1:H0v2OXaBmBSHzL0XgnRxWUOGHtxA/WeulXCf2mhgQ00=
github.com/project-flogo/stream v0.1.0/go.mod h1:HafKzWOrB5bICHl1ZfJfCW5FXf99Wjke23yz3FZGEpE=
github.com/rcrowley/go-metrics v0.0.0-20171128170426-e181e095bae9 h1:jmLW6izPBVlIbk4d+XgK9+sChGbVKxxOPmd9eqRHCjw=
github.com/rcrowley/go-metrics v0.0.0-20171128170426-e181e095bae9/go.mod h1:bCqnVzQkZxMG4s8nGwiZ5l3QUCyqpo9Y+/ZMZ9VjZe4=
github.com/sfreiberg/gotwilio v0.0.0-20170217234627-58125ef28e4b h1:Ux8jS4KctJ9NZCELwQz80QEFs87/nJrkqi6YCYivr+E=
github.com/sfreiberg/gotwilio v0.0.0-20170217234627-58125ef28e4b/go.mod h1:60PiR0SAnAcYSiwrXB6BaxeqHdXMf172toCosHfV+Yk=
github.com/sirupsen/logrus v1.1.1 h1:VzGj7lhU7KEB9e9gMpAV/v5XT2NVSvLJhJLCWbnkgXg=
github.com/sirupsen/logrus v1.1.1/go.mod h1:zrgwTnHtNr00buQ1vSptGe8m1f/BbgsPukg8qsT7A+A=
github.com/smartystreets/assertions v1.13.1 h1:Ef7KhSmjZcK6AVf9YbJdvPYG9avaF0ZxudX+ThRdWfU=
github.com/smartystreets/goconvey v1.8.0 h1:Oi49ha/2MURE0WexF052Z0m+BNSGirfjg5RL+JXWq3w=
github.com/smartystreets/goconvey v1.8.0/go.mod h1:EdX8jtrTIj26jmjCOVNMVSIYAtgexqXKHOXW2Dx9JLg=
github.com/stianeikeland/go-rpio v3.0.1-0.20180112001640-a6b0dffd47b6+incompatible h1:jXU/iCe1T+MSTHmBVXqo463+qNH/uMisP0YbJ1IIj6M=
github.com/stianeikeland/go-rpio v3.0.1-0.20180112001640-a6b0dffd47b6+incompatible/go.mod h1:Sh81rdJwD96E2wja2Gd7rrKM+XZ9LrwvN2w4IXrqLR8=
github.com/stretchr/objx v0.1.0/go.mod h1:HFkY916IF+rwdDfMAkV7OtwuqBVzrE8GR6GFx+wExME=
github.com/stretchr/objx v0.4.0/go.mod h1:YvHI0jy2hoMjB+UWwv71VJQ9isScKT/TqJzVSSt89Yw=
github.com/stretchr/objx v0.5.0 h1:1zr/of2m5FGMsad5YfcqgdqdWrIhu+EBEJRhR1U7z/c=
github.com/stretchr/objx v0.5.0/go.mod h1:Yh+to48EsGEfYuaHDzXPcE3xhTkx73EhmCGUpEOglKo=
github.com/stretchr/testify v1.2.2/go.mod h1:a8OnRcib4nhh0OaRAV+Yts87kKdq0PP7pXfy6kDkUVs=
github.com/stretchr/testify v1.6.1/go.mod h1:6Fq8oRcR53rry900zMqJjRRixrwX3KX962/h/Wwjteg=
github.com/stretchr/testify v1.7.1/go.mod h1:6Fq8oRcR53rry900zMqJjRRixrwX3KX962/h/Wwjteg=
github.com/stretchr/testify v1.8.0 h1:pSgiaMZlXftHpm5L7V1+rVB+AZJydKsMxsQBIJw4PKk=
github.com/stretchr/testify v1.8.0/go.mod h1:yNjHg4UonilssWZ8iaSj1OCr/vHnekPRkoO+kdMU+MU=
github.com/tensorflow/tensorflow v1.4.1 h1:0IXPO+ugqnE4G4McO8y0VXcV8v8SVlAJI6ZiYezvWw8=
github.com/tensorflow/tensorflow v1.4.1/go.mod h1:itOSERT4trABok4UOoG+X4BoKds9F3rIsySdn+Lvu90=
github.com/tidwall/pretty v1.0.0 h1:HsD+QiTn7sK6flMKIvNmpqz1qrpP3Ps6jOKIKMooyg4=
github.com/tidwall/pretty v1.0.0/go.mod h1:XNkn88O1ChpSDQmQeStsy+sBenx6DDtFZJxhVysOjyk=
github.com/xdg-go/pbkdf2 v1.0.0 h1:Su7DPu48wXMwC3bs7MCNG+z4FhcyEuz5dlvchbq0B0c=
github.com/xdg-go/pbkdf2 v1.0.0/go.mod h1:jrpuAogTd400dnrH08LKmI/xc1MbPOebTwRqcT5RDeI=
github.com/xdg-go/scram v1.1.1 h1:VOMT+81stJgXW3CpHyqHN3AXDYIMsx56mEFrB37Mb/E=
github.com/xdg-go/scram v1.1.1/go.mod h1:RaEWvsqvNKKvBPvcKeFjrG2cJqOkHTiyTpzz23ni57g=
github.com/xdg-go/stringprep v1.0.3 h1:kdwGpVNwPFtjs98xCGkHjQtGKh86rDcRZN17QEMCOIs=
github.com/xdg-go/stringprep v1.0.3/go.mod h1:W3f5j4i+9rC0kuIEJL0ky1VpHXQU3ocBgklLGvcBnW8=
github.com/youmark/pkcs8 v0.0.0-20181117223130-1be2e3e5546d h1:splanxYIlg+5LfHAM6xpdFEAYOk8iySO56hMFq6uLyA=
github.com/youmark/pkcs8 v0.0.0-20181117223130-1be2e3e5546d/go.mod h1:rHwXgn7JulP+udvsHwJoVG1YGAP6VLg4y9I5dyZdqmA=
go.mongodb.org/mongo-driver v1.11.6 h1:XM7G6PjiGAO5betLF13BIa5TlLUUE3uJ/2Ox3Lz1K+o=
go.mongodb.org/mongo-driver v1.11.6/go.mod h1:G9TgswdsWjX4tmDA5zfs2+6AEPpYJwqblyjsfuh8oXY=
golang.org/x/crypto v0.0.0-20180904163835-0709b304e793/go.mod h1:6SG95UA2DQfeDnfUPMdvaQW0Q7yPrPDi9nlGo2tz2b4=
golang.org/x/crypto v0.0.0-20220622213112-05595931fe9d h1:sK3txAijHtOK88l68nt020reeT1ZdKLIYetKl95FzVY=
golang.org/x/crypto v0.0.0-20220622213112-05595931fe9d/go.mod h1:IxCIyHEi3zRg3s0A5j5BB6A9Jmi73HwBIUl50j+osU4=
golang.org/x/net v0.0.0-20211112202133-69e39bad7dc2/go.mod h1:9nx3DQGgdP8bBQD5qxJ1jj9UTztislL4KSBs9R2vV5Y=
golang.org/x/net v0.7.0 h1:rJrUqqhjsgNp7KqAIc25s9pZnjU7TUcSY7HcVZjdn1g=
golang.org/x/net v0.7.0/go.mod h1:2Tu9+aMcznHK/AK1HMvgo6xiTLG5rD5rZLDS+rp2Bjs=
golang.org/x/sync v0.0.0-20210220032951-036812b2e83c h1:5KslGYwFpkhGh+Q16bwMP3cOontH8FOep7tGV86Y7SQ=
golang.org/x/sync v0.0.0-20210220032951-036812b2e83c/go.mod h1:RxMgew5VJxzue5/jJTE5uejpjVlOe/izrB70Jof72aM=
golang.org/x/sys v0.0.0-20180905080454-ebe1bf3edb33/go.mod h1:STP8DvDyc/dI5b8T5hshtkjS+E42TnysNCUPdjciGhY=
golang.org/x/sys v0.0.0-20201119102817-f84b799fce68/go.mod h1:h1NjWce9XRLGQEsW7wpKNCjG9DtNlClVuFLEZdDNbEs=
golang.org/x/sys v0.0.0-20210423082822-04245dca01da/go.mod h1:h1NjWce9XRLGQEsW7wpKNCjG9DtNlClVuFLEZdDNbEs=
golang.org/x/sys v0.0.0-20210615035016-665e8c7367d1/go.mod h1:oPkhp1MJrh7nUepCBck5+mAzfO9JrbApNNgaTdGDITg=
golang.org/x/sys v0.6.0 h1:MVltZSvRTcU2ljQOhs94SXPftV6DCNnZViHeQps87pQ=
golang.org/x/sys v0.6.0/go.mod h1:oPkhp1MJrh7nUepCBck5+mAzfO9JrbApNNgaTdGDITg=
golang.org/x/term v0.0.0-20201126162022-7de9c90e9dd1/go.mod h1:bj7SfCRtBDWHUb9snDiAeCFNEtKQo2Wmx5Cou7ajbmo=
golang.org/x/term v0.5.0 h1:n2a8QNdAb0sZNpU9R1ALUXBbY+w51fCQDN+7EdxNBsY=
golang.org/x/term v0.5.0/go.mod h1:jMB1sMXY+tzblOD4FWmEbocvup2/aLOaQEp7JmGp78k=
golang.org/x/text v0.3.6/go.mod h1:5Zoc/QRtKVWzQhOtBMvqHzDpF6irO9z98xDceosuGiQ=
golang.org/x/text v0.3.7/go.mod h1:u+2+/6zg+i71rQMx5EYifcz6MCKuco9NR6JIITiCfzQ=
golang.org/x/text v0.7.0 h1:4BRB4x83lYWy72KwLD/qYDuTu7q9PjSagHvijDw7cLo=
golang.org/x/text v0.7.0/go.mod h1:mrYo+phRRbMaCq/xk9113O4dZlRixOauAjOtrjsXDZ8=
golang.org/x/tools v0.0.0-20180917221912-90fa682c2a6e/go.mod h1:n7NCudcB/nEzxVGmLbDWY5pfWTLqBcC2KZ6jyYvM4mQ=
golang.org/x/xerrors v0.0.0-20191204190536-9bdfabe68543 h1:E7g+9GITq07hpfrRu66IVDexMakfv52eLZ2CXBWiKr4=
golang.org/x/xerrors v0.0.0-20191204190536-9bdfabe68543/go.mod h1:I/5z698sn9Ka8TeJc9MKroUUfqBBauWjQqLJ2OPfmY0=
gopkg.in/check.v1 v0.0.0-20161208181325-20d25e280405/go.mod h1:Co6ibVJAznAaIkqp8huTwlJQCZ016jof/cbN4VW5Yz0=
gopkg.in/check.v1 v1.0.0-20180628173108-788fd7840127 h1:qIbj1fsPNlZgppZ+VLlY7N33q108Sa+fhmuc+sWQYwY=
gopkg.in/check.v1 v1.0.0-20180628173108-788fd7840127/go.mod h1:Co6ibVJAznAaIkqp8huTwlJQCZ016jof/cbN4VW5Yz0=
gopkg.in/couchbase/gocb.v1 v1.3.1 h1:bqcF39SkzGeypYILFcurmUNt8JX02oOB1Enqe3B5UFs=
gopkg.in/couchbase/gocb.v1 v1.3.1/go.mod h1:Ri5Qok4ZKiwmPr75YxZ0uELQy45XJgUSzeUnK806gTY=
gopkg.in/couchbase/gocbcore.v7 v7.0.7 h1:VpMMnssZFkq9A6SVUoQK1RyL0eAV2C3bF+9XOZNGYLE=
gopkg.in/couchbase/gocbcore.v7 v7.0.7/go.mod h1:48d2Be0MxRtsyuvn+mWzqmoGUG9uA00ghopzOs148/E=
gopkg.in/couchbaselabs/gocbconnstr.v1 v1.0.1 h1:tl4t7mY0yfRr767AzCeqj0m47fcNMugRpy30As/CTmk=
gopkg.in/couchbaselabs/gocbconnstr.v1 v1.0.1/go.mod h1:ZjII0iKx4Veo6N6da+pEZu/ptNyKLg9QTVt7fFmR6sw=
gopkg.in/couchbaselabs/gojcbmock.v1 v1.0.4 h1:r5WoWGyeTJQiNGsoWAsMJfz0JFF14xc2TJrYSs09VXk=
gopkg.in/couchbaselabs/gojcbmock.v1 v1.0.4/go.mod h1:jl/gd/aQ2S8whKVSTnsPs6n7BPeaAuw9UglBD/OF7eo=
gopkg.in/couchbaselabs/jsonx.v1 v1.0.0 h1:SJGarb8dXAsVZWizC26rxBkBYEKhSUxVh5wAnyzBVaI=
gopkg.in/couchbaselabs/jsonx.v1 v1.0.0/go.mod h1:oR201IRovxvLW/eISevH12/+MiKHtNQAKfcX8iWZvJY=
gopkg.in/ini.v1 v1.67.0 h1:Dgnx+6+nfE+IfzjUEISNeydPJh9AXNNsWbGP9KzCsOA=
gopkg.in/ini.v1 v1.67.0/go.mod h1:pNLf8WUiyNEtQjuu5G5vTm06TEv9tsIgeAvK8hOrP4k=
gopkg.in/yaml.v3 v3.0.0-20200313102051-9f266ea9e77c/go.mod h1:K4uyk7z7BCEPqu6E+C64Yfv1cQ7kz7rIZviUmN+EgEM=
gopkg.in/yaml.v3 v3.0.1 h1:fxVm/GzAzEWqLHuvctI91KS9hhNmmWOoWu0XTYJS7CA=
gopkg.in/yaml.v3 v3.0.1/go.mod h1:K4uyk7z7BCEPqu6E+C64Yfv1cQ7kz7rIZviUmN+EgEM=
