# This file is autogenerated, do not edit; changes may be undone by the next 'dep ensure'.


[[projects]]
  name = "github.com/Shopify/sarama"
  packages = ["."]
  revision = "3b1b38866a79f06deddf0487d5c27ba0697ccd65"
  version = "v1.15.0"

[solve-meta]
  analyzer-name = "dep"
  analyzer-version = 1
  inputs-digest = "ee9e27eb93834961de93bb50ed5ecdbeb8ac44617644d05bfa235f03401f8f0f"
  solver-name = "gps-cdcl"
  solver-version = 1
