# This file is autogenerated, do not edit; changes may be undone by the next 'dep ensure'.


[[projects]]
  name = "github.com/Sirupsen/logrus"
  packages = ["."]
  revision = "d682213848ed68c0a260ca37d6dd5ace8423f5ba"
  version = "v1.0.4"

[[projects]]
  name = "github.com/TIBCOSoftware/flogo-lib"
  packages = ["config","core/action","core/data","core/mapper","core/trigger","logger","util"]
  revision = "84f1352eb45dadeb2ed2558ff85114022b280be4"
  version = "v0.5.0"

[[projects]]
  branch = "master"
  name = "github.com/carlescere/scheduler"
  packages = ["."]
  revision = "ee74d2f83d82cd1d2e92ed3ec3dbaf162ca5ece5"

[[projects]]
  branch = "master"
  name = "golang.org/x/crypto"
  packages = ["ssh/terminal"]
  revision = "d585fd2cc9195196078f516b69daff6744ef5e84"

[[projects]]
  branch = "master"
  name = "golang.org/x/sys"
  packages = ["unix","windows"]
  revision = "571f7bbbe08da2a8955aed9d4db316e78630e9a3"

[solve-meta]
  analyzer-name = "dep"
  analyzer-version = 1
  inputs-digest = "cc0e1891ec31e4f18a194a27994f2444c20994aff875058ab86930ac334d53f0"
  solver-name = "gps-cdcl"
  solver-version = 1
