# This file is autogenerated, do not edit; changes may be undone by the next 'dep ensure'.

[[projects]]
  branch = "master"
  name = "github.com/carlescere/scheduler"
  packages = ["."]
  revision = "ee74d2f83d82cd1d2e92ed3ec3dbaf162ca5ece5"
  
[solve-meta]
  analyzer-name = "dep"
  analyzer-version = 1
  inputs-digest = "cc0e1891ec31e4f18a194a27994f2444c20994aff875058ab86930ac334d53f0"
  solver-name = "gps-cdcl"
  solver-version = 1
