# This file is autogenerated, do not edit; changes may be undone by the next 'dep ensure'.


[[projects]]
  branch = "master"
  name = "github.com/eclipse/paho.mqtt.golang"
  packages = [".","packets"]
  revision = "cd4337d9ef8b177236ef7abc7bc2677385c11381"

[solve-meta]
  analyzer-name = "dep"
  analyzer-version = 1
  inputs-digest = "531d12fa07b2684757322048fec1e0406f9665bb52170cf4188ce872413245f6"
  solver-name = "gps-cdcl"
  solver-version = 1
